{
    "name": "@github/copilot-language-server",
    "version": "1.509.1",
    "lockfileVersion": 3,
    "requires": true,
    "packages": {
        "": {
            "name": "@github/copilot-language-server",
            "version": "1.509.1",
            "license": "MIT",
            "dependencies": {
                "vscode-languageserver-protocol": "^3.17.5"
            },
            "bin": {
                "copilot-language-server": "dist/language-server.js"
            },
            "optionalDependencies": {
                "@github/copilot-language-server-darwin-arm64": "1.509.1",
                "@github/copilot-language-server-darwin-x64": "1.509.1",
                "@github/copilot-language-server-linux-arm64": "1.509.1",
                "@github/copilot-language-server-linux-x64": "1.509.1",
                "@github/copilot-language-server-win32-arm64": "1.509.1",
                "@github/copilot-language-server-win32-x64": "1.509.1"
            }
        },
        "node_modules/@github/copilot-language-server-darwin-arm64": {
            "version": "1.509.1",
            "resolved": "https://registry.npmjs.org/@github/copilot-language-server-darwin-arm64/-/copilot-language-server-darwin-arm64-1.509.1.tgz",
            "integrity": "sha512-1j1vWeqOBA98VTTvyjDZEnyqU1vRTZaL9pfgpaKBy08agIyp7OUAwVH69yXFd75Lj2yB4E0TUQO/vIVF1lCqHg==",
            "cpu": [
                "arm64"
            ],
            "license": "MIT",
            "optional": true,
            "os": [
                "darwin"
            ]
        },
        "node_modules/@github/copilot-language-server-darwin-x64": {
            "version": "1.509.1",
            "resolved": "https://registry.npmjs.org/@github/copilot-language-server-darwin-x64/-/copilot-language-server-darwin-x64-1.509.1.tgz",
            "integrity": "sha512-awA9neXfPc4RYTYqsuZUYk0C0HcfpwQQ9UsLRw4m6BS3uXZ0vOWMWYE921dkl4UsSmjYmdlvwKV6w5ZDtbtqtA==",
            "cpu": [
                "x64"
            ],
            "license": "MIT",
            "optional": true,
            "os": [
                "darwin"
            ]
        },
        "node_modules/@github/copilot-language-server-linux-arm64": {
            "version": "1.509.1",
            "resolved": "https://registry.npmjs.org/@github/copilot-language-server-linux-arm64/-/copilot-language-server-linux-arm64-1.509.1.tgz",
            "integrity": "sha512-wT02bPXuZWQhFt9gysIv0rD6/H2zPirPHbBwoggP2zp3mGf5dSLQUc120TPZKl8ppPBD5ylU5gqbee2O+ZLh7w==",
            "cpu": [
                "arm64"
            ],
            "license": "MIT",
            "optional": true,
            "os": [
                "linux"
            ]
        },
        "node_modules/@github/copilot-language-server-linux-x64": {
            "version": "1.509.1",
            "resolved": "https://registry.npmjs.org/@github/copilot-language-server-linux-x64/-/copilot-language-server-linux-x64-1.509.1.tgz",
            "integrity": "sha512-zQW821AaP/qhYEHTsp4vSZZ4zNjSn8cgTXbYI04qzsKxHRYVoonBA48Dtpd7CIB68GOGKeCTCZvVGGwk1YXqhQ==",
            "cpu": [
                "x64"
            ],
            "license": "MIT",
            "optional": true,
            "os": [
                "linux"
            ]
        },
        "node_modules/@github/copilot-language-server-win32-arm64": {
            "version": "1.509.1",
            "resolved": "https://registry.npmjs.org/@github/copilot-language-server-win32-arm64/-/copilot-language-server-win32-arm64-1.509.1.tgz",
            "integrity": "sha512-jNtizgFq6Q/ATrxEzwBcPi5sKHWAddmMcCP1Pt1/iAtXo6pIrxSINwEHYp7+JJJNLINQP85OUI02P0OZZ1nIHg==",
            "cpu": [
                "arm64"
            ],
            "license": "MIT",
            "optional": true,
            "os": [
                "win32"
            ]
        },
        "node_modules/@github/copilot-language-server-win32-x64": {
            "version": "1.509.1",
            "resolved": "https://registry.npmjs.org/@github/copilot-language-server-win32-x64/-/copilot-language-server-win32-x64-1.509.1.tgz",
            "integrity": "sha512-zoBsy7Bu/4XsantVMvWjOyHONWRvvzjmdo2wvQsZnRmwz/HNCWwtHa9hSrR97obxTRMOayd4ubllJqp9BHgj0A==",
            "cpu": [
                "x64"
            ],
            "license": "MIT",
            "optional": true,
            "os": [
                "win32"
            ]
        },
        "node_modules/vscode-jsonrpc": {
            "version": "9.0.0",
            "resolved": "https://registry.npmjs.org/vscode-jsonrpc/-/vscode-jsonrpc-9.0.0.tgz",
            "integrity": "sha512-+VvMmQPJhtvJ+8O+zu2JKIRiLxXF8NW7krWgyMGeOHrp4Cn23T5hc0v2LknNeopDOB70wghHAds7mKtcZ0I4Sg==",
            "license": "MIT",
            "engines": {
                "node": ">=14.0.0"
            }
        },
        "node_modules/vscode-languageserver-protocol": {
            "version": "3.18.1",
            "resolved": "https://registry.npmjs.org/vscode-languageserver-protocol/-/vscode-languageserver-protocol-3.18.1.tgz",
            "integrity": "sha512-RTiiVHdpxpYcJVI5sq6S5TLjQ4WDR/rBrIWru+kPXe6sGQ9PFQ3GamrTKLvPqbR4ylr1SoodhmcqbFII0WXVuw==",
            "license": "MIT",
            "dependencies": {
                "vscode-jsonrpc": "9.0.0",
                "vscode-languageserver-types": "3.18.0"
            }
        },
        "node_modules/vscode-languageserver-types": {
            "version": "3.18.0",
            "resolved": "https://registry.npmjs.org/vscode-languageserver-types/-/vscode-languageserver-types-3.18.0.tgz",
            "integrity": "sha512-8TsGPNMIMiiBdkORgRSvLjuiEIiAFtO+KssmYWxQ+uSVvlf7RjK8YKCOjPzZ+YA04jXEV7+7LvkSmHkhpNS99g==",
            "license": "MIT"
        }
    }
}
